
Microsoft Visual Studio Solution File, Format Version 12.00
# Visual Studio Version 16
VisualStudioVersion = 16.0.30717.126
MinimumVisualStudioVersion = 10.0.40219.1
Project("{FAE04EC0-301F-11D3-BF4B-00C04F79EFBC}") = "ICAutomationNov2020", "ICAutomationNov2020\ICAutomationNov2020.csproj", "{3AA0B9AC-E037-4B75-B00A-09EC41C43DFE}"
EndProject
Global
	GlobalSection(SolutionConfigurationPlatforms) = preSolution
		Debug|Any CPU = Debug|Any CPU
		Release|Any CPU = Release|Any CPU
	EndGlobalSection
	GlobalSection(ProjectConfigurationPlatforms) = postSolution
		{3AA0B9AC-E037-4B75-B00A-09EC41C43DFE}.Debug|Any CPU.ActiveCfg = Debug|Any CPU
		{3AA0B9AC-E037-4B75-B00A-09EC41C43DFE}.Debug|Any CPU.Build.0 = Debug|Any CPU
		{3AA0B9AC-E037-4B75-B00A-09EC41C43DFE}.Release|Any CPU.ActiveCfg = Release|Any CPU
		{3AA0B9AC-E037-4B75-B00A-09EC41C43DFE}.Release|Any CPU.Build.0 = Release|Any CPU
	EndGlobalSection
	GlobalSection(SolutionProperties) = preSolution
		HideSolutionNode = FALSE
	EndGlobalSection
	GlobalSection(ExtensibilityGlobals) = postSolution
		SolutionGuid = {0B0B0337-BFDA-4F92-84CF-C05AC5D8DED9}
	EndGlobalSection
EndGlobal
